// !$*UTF8*$!
{
	archiveVersion = 1;
	classes = {
	};
	objectVersion = 56;
	objects = {

/* Begin PBXBuildFile section */
		A865A68D2A07D026008A94E0 /* AppDelegate.swift in Sources */ = {isa = PBXBuildFile; fileRef = A865A68C2A07D026008A94E0 /* AppDelegate.swift */; };
		A865A68F2A07D026008A94E0 /* SceneDelegate.swift in Sources */ = {isa = PBXBuildFile; fileRef = A865A68E2A07D026008A94E0 /* SceneDelegate.swift */; };
		A865A6912A07D026008A94E0 /* ViewController.swift in Sources */ = {isa = PBXBuildFile; fileRef = A865A6902A07D026008A94E0 /* ViewController.swift */; };
		A865A6942A07D026008A94E0 /* Main.storyboard in Resources */ = {isa = PBXBuildFile; fileRef = A865A6922A07D026008A94E0 /* Main.storyboard */; };
		A865A6972A07D026008A94E0 /* DI2.xcdatamodeld in Sources */ = {isa = PBXBuildFile; fileRef = A865A6952A07D026008A94E0 /* DI2.xcdatamodeld */; };
		A865A6992A07D026008A94E0 /* Assets.xcassets in Resources */ = {isa = PBXBuildFile; fileRef = A865A6982A07D026008A94E0 /* Assets.xcassets */; };
		A865A69C2A07D026008A94E0 /* LaunchScreen.storyboard in Resources */ = {isa = PBXBuildFile; fileRef = A865A69A2A07D026008A94E0 /* LaunchScreen.storyboard */; };
		A865A6A42A07D167008A94E0 /* TableCell.swift in Sources */ = {isa = PBXBuildFile; fileRef = A865A6A32A07D167008A94E0 /* TableCell.swift */; };
		A865A6A72A07D327008A94E0 /* DetailViewController.swift in Sources */ = {isa = PBXBuildFile; fileRef = A865A6A52A07D327008A94E0 /* DetailViewController.swift */; };
/* End PBXBuildFile section */

/* Begin PBXFileReference section */
		A865A6892A07D026008A94E0 /* DI2.app */ = {isa = PBXFileReference; explicitFileType = wrapper.application; includeInIndex = 0; path = DI2.app; sourceTree = BUILT_PRODUCTS_DIR; };
		A865A68C2A07D026008A94E0 /* AppDelegate.swift */ = {isa = PBXFileReference; lastKnownFileType = sourcecode.swift; path = AppDelegate.swift; sourceTree = "<group>"; };
		A865A68E2A07D026008A94E0 /* SceneDelegate.swift */ = {isa = PBXFileReference; lastKnownFileType = sourcecode.swift; path = SceneDelegate.swift; sourceTree = "<group>"; };
		A865A6902A07D026008A94E0 /* ViewController.swift */ = {isa = PBXFileReference; lastKnownFileType = sourcecode.swift; path = ViewController.swift; sourceTree = "<group>"; };
		A865A6932A07D026008A94E0 /* Base */ = {isa = PBXFileReference; lastKnownFileType = file.storyboard; name = Base; path = Base.lproj/Main.storyboard; sourceTree = "<group>"; };
		A865A6962A07D026008A94E0 /* DI2.xcdatamodel */ = {isa = PBXFileReference; lastKnownFileType = wrapper.xcdatamodel; path = DI2.xcdatamodel; sourceTree = "<group>"; };
		A865A6982A07D026008A94E0 /* Assets.xcassets */ = {isa = PBXFileReference; lastKnownFileType = folder.assetcatalog; path = Assets.xcassets; sourceTree = "<group>"; };
		A865A69B2A07D026008A94E0 /* Base */ = {isa = PBXFileReference; lastKnownFileType = file.storyboard; name = Base; path = Base.lproj/LaunchScreen.storyboard; sourceTree = "<group>"; };
		A865A69D2A07D026008A94E0 /* Info.plist */ = {isa = PBXFileReference; lastKnownFileType = text.plist.xml; path = Info.plist; sourceTree = "<group>"; };
		A865A6A32A07D167008A94E0 /* TableCell.swift */ = {isa = PBXFileReference; lastKnownFileType = sourcecode.swift; path = TableCell.swift; sourceTree = "<group>"; };
		A865A6A52A07D327008A94E0 /* DetailViewController.swift */ = {isa = PBXFileReference; lastKnownFileType = sourcecode.swift; path = DetailViewController.swift; sourceTree = "<group>"; };
/* End PBXFileReference section */

/* Begin PBXFrameworksBuildPhase section */
		A865A6862A07D026008A94E0 /* Frameworks */ = {
			isa = PBXFrameworksBuildPhase;
			buildActionMask = 2147483647;
			files = (
			);
			runOnlyForDeploymentPostprocessing = 0;
		};
/* End PBXFrameworksBuildPhase section */

/* Begin PBXGroup section */
		A865A6802A07D026008A94E0 = {
			isa = PBXGroup;
			children = (
				A865A68B2A07D026008A94E0 /* DI2 */,
				A865A68A2A07D026008A94E0 /* Products */,
			);
			sourceTree = "<group>";
		};
		A865A68A2A07D026008A94E0 /* Products */ = {
			isa = PBXGroup;
			children = (
				A865A6892A07D026008A94E0 /* DI2.app */,
			);
			name = Products;
			sourceTree = "<group>";
		};
		A865A68B2A07D026008A94E0 /* DI2 */ = {
			isa = PBXGroup;
			children = (
				A865A68C2A07D026008A94E0 /* AppDelegate.swift */,
				A865A68E2A07D026008A94E0 /* SceneDelegate.swift */,
				A865A6902A07D026008A94E0 /* ViewController.swift */,
				A865A6922A07D026008A94E0 /* Main.storyboard */,
				A865A6982A07D026008A94E0 /* Assets.xcassets */,
				A865A69A2A07D026008A94E0 /* LaunchScreen.storyboard */,
				A865A69D2A07D026008A94E0 /* Info.plist */,
				A865A6952A07D026008A94E0 /* DI2.xcdatamodeld */,
				A865A6A32A07D167008A94E0 /* TableCell.swift */,
				A865A6A52A07D327008A94E0 /* DetailViewController.swift */,
			);
			path = DI2;
			sourceTree = "<group>";
		};
/* End PBXGroup section */

/* Begin PBXNativeTarget section */
		A865A6882A07D026008A94E0 /* DI2 */ = {
			isa = PBXNativeTarget;
			buildConfigurationList = A865A6A02A07D026008A94E0 /* Build configuration list for PBXNativeTarget "DI2" */;
			buildPhases = (
				A865A6852A07D026008A94E0 /* Sources */,
				A865A6862A07D026008A94E0 /* Frameworks */,
				A865A6872A07D026008A94E0 /* Resources */,
			);
			buildRules = (
			);
			dependencies = (
			);
			name = DI2;
			productName = DI2;
			productReference = A865A6892A07D026008A94E0 /* DI2.app */;
			productType = "com.apple.product-type.application";
		};
/* End PBXNativeTarget section */

/* Begin PBXProject section */
		A865A6812A07D026008A94E0 /* Project object */ = {
			isa = PBXProject;
			attributes = {
				BuildIndependentTargetsInParallel = 1;
				LastSwiftUpdateCheck = 1420;
				LastUpgradeCheck = 1420;
				TargetAttributes = {
					A865A6882A07D026008A94E0 = {
						CreatedOnToolsVersion = 14.2;
					};
				};
			};
			buildConfigurationList = A865A6842A07D026008A94E0 /* Build configuration list for PBXProject "DI2" */;
			compatibilityVersion = "Xcode 14.0";
			developmentRegion = en;
			hasScannedForEncodings = 0;
			knownRegions = (
				en,
				Base,
			);
			mainGroup = A865A6802A07D026008A94E0;
			productRefGroup = A865A68A2A07D026008A94E0 /* Products */;
			projectDirPath = "";
			projectRoot = "";
			targets = (
				A865A6882A07D026008A94E0 /* DI2 */,
			);
		};
/* End PBXProject section */

/* Begin PBXResourcesBuildPhase section */
		A865A6872A07D026008A94E0 /* Resources */ = {
			isa = PBXResourcesBuildPhase;
			buildActionMask = 2147483647;
			files = (
				A865A69C2A07D026008A94E0 /* LaunchScreen.storyboard in Resources */,
				A865A6992A07D026008A94E0 /* Assets.xcassets in Resources */,
				A865A6942A07D026008A94E0 /* Main.storyboard in Resources */,
			);
			runOnlyForDeploymentPostprocessing = 0;
		};
/* End PBXResourcesBuildPhase section */

/* Begin PBXSourcesBuildPhase section */
		A865A6852A07D026008A94E0 /* Sources */ = {
			isa = PBXSourcesBuildPhase;
			buildActionMask = 2147483647;
			files = (
				A865A6A42A07D167008A94E0 /* TableCell.swift in Sources */,
				A865A6912A07D026008A94E0 /* ViewController.swift in Sources */,
				A865A68D2A07D026008A94E0 /* AppDelegate.swift in Sources */,
				A865A6A72A07D327008A94E0 /* DetailViewController.swift in Sources */,
				A865A68F2A07D026008A94E0 /* SceneDelegate.swift in Sources */,
				A865A6972A07D026008A94E0 /* DI2.xcdatamodeld in Sources */,
			);
			runOnlyForDeploymentPostprocessing = 0;
		};
/* End PBXSourcesBuildPhase section */

/* Begin PBXVariantGroup section */
		A865A6922A07D026008A94E0 /* Main.storyboard */ = {
			isa = PBXVariantGroup;
			children = (
				A865A6932A07D026008A94E0 /* Base */,
			);
			name = Main.storyboard;
			sourceTree = "<group>";
		};
		A865A69A2A07D026008A94E0 /* LaunchScreen.storyboard */ = {
			isa = PBXVariantGroup;
			children = (
				A865A69B2A07D026008A94E0 /* Base */,
			);
			name = LaunchScreen.storyboard;
			sourceTree = "<group>";
		};
/* End PBXVariantGroup section */

/* Begin XCBuildConfiguration section */
		A865A69E2A07D026008A94E0 /* Debug */ = {
			isa = XCBuildConfiguration;
			buildSettings = {
				ALWAYS_SEARCH_USER_PATHS = NO;
				CLANG_ANALYZER_NONNULL = YES;
				CLANG_ANALYZER_NUMBER_OBJECT_CONVERSION = YES_AGGRESSIVE;
				CLANG_CXX_LANGUAGE_STANDARD = "gnu++20";
				CLANG_ENABLE_MODULES = YES;
				CLANG_ENABLE_OBJC_ARC = YES;
				CLANG_ENABLE_OBJC_WEAK = YES;
				CLANG_WARN_BLOCK_CAPTURE_AUTORELEASING = YES;
				CLANG_WARN_BOOL_CONVERSION = YES;
				CLANG_WARN_COMMA = YES;
				CLANG_WARN_CONSTANT_CONVERSION = YES;
				CLANG_WARN_DEPRECATED_OBJC_IMPLEMENTATIONS = YES;
				CLANG_WARN_DIRECT_OBJC_ISA_USAGE = YES_ERROR;
				CLANG_WARN_DOCUMENTATION_COMMENTS = YES;
				CLANG_WARN_EMPTY_BODY = YES;
				CLANG_WARN_ENUM_CONVERSION = YES;
				CLANG_WARN_INFINITE_RECURSION = YES;
				CLANG_WARN_INT_CONVERSION = YES;
				CLANG_WARN_NON_LITERAL_NULL_CONVERSION = YES;
				CLANG_WARN_OBJC_IMPLICIT_RETAIN_SELF = YES;
				CLANG_WARN_OBJC_LITERAL_CONVERSION = YES;
				CLANG_WARN_OBJC_ROOT_CLASS = YES_ERROR;
				CLANG_WARN_QUOTED_INCLUDE_IN_FRAMEWORK_HEADER = YES;
				CLANG_WARN_RANGE_LOOP_ANALYSIS = YES;
				CLANG_WARN_STRICT_PROTOTYPES = YES;
				CLANG_WARN_SUSPICIOUS_MOVE = YES;
				CLANG_WARN_UNGUARDED_AVAILABILITY = YES_AGGRESSIVE;
				CLANG_WARN_UNREACHABLE_CODE = YES;
				CLANG_WARN__DUPLICATE_METHOD_MATCH = YES;
				COPY_PHASE_STRIP = NO;
				DEBUG_INFORMATION_FORMAT = dwarf;
				ENABLE_STRICT_OBJC_MSGSEND = YES;
				ENABLE_TESTABILITY = YES;
				GCC_C_LANGUAGE_STANDARD = gnu11;
				GCC_DYNAMIC_NO_PIC = NO;
				GCC_NO_COMMON_BLOCKS = YES;
				GCC_OPTIMIZATION_LEVEL = 0;
				GCC_PREPROCESSOR_DEFINITIONS = (
					"DEBUG=1",
					"$(inherited)",
				);
				GCC_WARN_64_TO_32_BIT_CONVERSION = YES;
				GCC_WARN_ABOUT_RETURN_TYPE = YES_ERROR;
				GCC_WARN_UNDECLARED_SELECTOR = YES;
				GCC_WARN_UNINITIALIZED_AUTOS = YES_AGGRESSIVE;
				GCC_WARN_UNUSED_FUNCTION = YES;
				GCC_WARN_UNUSED_VARIABLE = YES;
				IPHONEOS_DEPLOYMENT_TARGET = 16.2;
				MTL_ENABLE_DEBUG_INFO = INCLUDE_SOURCE;
				MTL_FAST_MATH = YES;
				ONLY_ACTIVE_ARCH = YES;
				SDKROOT = iphoneos;
				SWIFT_ACTIVE_COMPILATION_CONDITIONS = DEBUG;
				SWIFT_OPTIMIZATION_LEVEL = "-Onone";
			};
			name = Debug;
		};
		A865A69F2A07D026008A94E0 /* Release */ = {
			isa = XCBuildConfiguration;
			buildSettings = {
				ALWAYS_SEARCH_USER_PATHS = NO;
				CLANG_ANALYZER_NONNULL = YES;
				CLANG_ANALYZER_NUMBER_OBJECT_CONVERSION = YES_AGGRESSIVE;
				CLANG_CXX_LANGUAGE_STANDARD = "gnu++20";
				CLANG_ENABLE_MODULES = YES;
				CLANG_ENABLE_OBJC_ARC = YES;
				CLANG_ENABLE_OBJC_WEAK = YES;
				CLANG_WARN_BLOCK_CAPTURE_AUTORELEASING = YES;
				CLANG_WARN_BOOL_CONVERSION = YES;
				CLANG_WARN_COMMA = YES;
				CLANG_WARN_CONSTANT_CONVERSION = YES;
				CLANG_WARN_DEPRECATED_OBJC_IMPLEMENTATIONS = YES;
				CLANG_WARN_DIRECT_OBJC_ISA_USAGE = YES_ERROR;
				CLANG_WARN_DOCUMENTATION_COMMENTS = YES;
				CLANG_WARN_EMPTY_BODY = YES;
				CLANG_WARN_ENUM_CONVERSION = YES;
				CLANG_WARN_INFINITE_RECURSION = YES;
				CLANG_WARN_INT_CONVERSION = YES;
				CLANG_WARN_NON_LITERAL_NULL_CONVERSION = YES;
				CLANG_WARN_OBJC_IMPLICIT_RETAIN_SELF = YES;
				CLANG_WARN_OBJC_LITERAL_CONVERSION = YES;
				CLANG_WARN_OBJC_ROOT_CLASS = YES_ERROR;
				CLANG_WARN_QUOTED_INCLUDE_IN_FRAMEWORK_HEADER = YES;
				CLANG_WARN_RANGE_LOOP_ANALYSIS = YES;
				CLANG_WARN_STRICT_PROTOTYPES = YES;
				CLANG_WARN_SUSPICIOUS_MOVE = YES;
				CLANG_WARN_UNGUARDED_AVAILABILITY = YES_AGGRESSIVE;
				CLANG_WARN_UNREACHABLE_CODE = YES;
				CLANG_WARN__DUPLICATE_METHOD_MATCH = YES;
				COPY_PHASE_STRIP = NO;
				DEBUG_INFORMATION_FORMAT = "dwarf-with-dsym";
				ENABLE_NS_ASSERTIONS = NO;
				ENABLE_STRICT_OBJC_MSGSEND = YES;
				GCC_C_LANGUAGE_STANDARD = gnu11;
				GCC_NO_COMMON_BLOCKS = YES;
				GCC_WARN_64_TO_32_BIT_CONVERSION = YES;
				GCC_WARN_ABOUT_RETURN_TYPE = YES_ERROR;
				GCC_WARN_UNDECLARED_SELECTOR = YES;
				GCC_WARN_UNINITIALIZED_AUTOS = YES_AGGRESSIVE;
				GCC_WARN_UNUSED_FUNCTION = YES;
				GCC_WARN_UNUSED_VARIABLE = YES;
				IPHONEOS_DEPLOYMENT_TARGET = 16.2;
				MTL_ENABLE_DEBUG_INFO = NO;
				MTL_FAST_MATH = YES;
				SDKROOT = iphoneos;
				SWIFT_COMPILATION_MODE = wholemodule;
				SWIFT_OPTIMIZATION_LEVEL = "-O";
				VALIDATE_PRODUCT = YES;
			};
			name = Release;
		};
		A865A6A12A07D026008A94E0 /* Debug */ = {
			isa = XCBuildConfiguration;
			buildSettings = {
				ASSETCATALOG_COMPILER_APPICON_NAME = AppIcon;
				ASSETCATALOG_COMPILER_GLOBAL_ACCENT_COLOR_NAME = AccentColor;
				CODE_SIGN_STYLE = Automatic;
				CURRENT_PROJECT_VERSION = 1;
				DEVELOPMENT_TEAM = 37LDHF3FZ7;
				GENERATE_INFOPLIST_FILE = YES;
				INFOPLIST_FILE = DI2/Info.plist;
				INFOPLIST_KEY_UIApplicationSupportsIndirectInputEvents = YES;
				INFOPLIST_KEY_UILaunchStoryboardName = LaunchScreen;
				INFOPLIST_KEY_UIMainStoryboardFile = Main;
				INFOPLIST_KEY_UISupportedInterfaceOrientations_iPad = "UIInterfaceOrientationPortrait UIInterfaceOrientationPortraitUpsideDown UIInterfaceOrientationLandscapeLeft UIInterfaceOrientationLandscapeRight";
				INFOPLIST_KEY_UISupportedInterfaceOrientations_iPhone = "UIInterfaceOrientationPortrait UIInterfaceOrientationLandscapeLeft UIInterfaceOrientationLandscapeRight";
				LD_RUNPATH_SEARCH_PATHS = (
					"$(inherited)",
					"@executable_path/Frameworks",
				);
				MARKETING_VERSION = 1.0;
				PRODUCT_BUNDLE_IDENTIFIER = com.pinstar.DI2;
				PRODUCT_NAME = "$(TARGET_NAME)";
				SWIFT_EMIT_LOC_STRINGS = YES;
				SWIFT_VERSION = 5.0;
				TARGETED_DEVICE_FAMILY = "1,2";
			};
			name = Debug;
		};
		A865A6A22A07D026008A94E0 /* Release */ = {
			isa = XCBuildConfiguration;
			buildSettings = {
				ASSETCATALOG_COMPILER_APPICON_NAME = AppIcon;
				ASSETCATALOG_COMPILER_GLOBAL_ACCENT_COLOR_NAME = AccentColor;
				CODE_SIGN_STYLE = Automatic;
				CURRENT_PROJECT_VERSION = 1;
				DEVELOPMENT_TEAM = 37LDHF3FZ7;
				GENERATE_INFOPLIST_FILE = YES;
				INFOPLIST_FILE = DI2/Info.plist;
				INFOPLIST_KEY_UIApplicationSupportsIndirectInputEvents = YES;
				INFOPLIST_KEY_UILaunchStoryboardName = LaunchScreen;
				INFOPLIST_KEY_UIMainStoryboardFile = Main;
				INFOPLIST_KEY_UISupportedInterfaceOrientations_iPad = "UIInterfaceOrientationPortrait UIInterfaceOrientationPortraitUpsideDown UIInterfaceOrientationLandscapeLeft UIInterfaceOrientationLandscapeRight";
				INFOPLIST_KEY_UISupportedInterfaceOrientations_iPhone = "UIInterfaceOrientationPortrait UIInterfaceOrientationLandscapeLeft UIInterfaceOrientationLandscapeRight";
				LD_RUNPATH_SEARCH_PATHS = (
					"$(inherited)",
					"@executable_path/Frameworks",
				);
				MARKETING_VERSION = 1.0;
				PRODUCT_BUNDLE_IDENTIFIER = com.pinstar.DI2;
				PRODUCT_NAME = "$(TARGET_NAME)";
				SWIFT_EMIT_LOC_STRINGS = YES;
				SWIFT_VERSION = 5.0;
				TARGETED_DEVICE_FAMILY = "1,2";
			};
			name = Release;
		};
/* End XCBuildConfiguration section */

/* Begin XCConfigurationList section */
		A865A6842A07D026008A94E0 /* Build configuration list for PBXProject "DI2" */ = {
			isa = XCConfigurationList;
			buildConfigurations = (
				A865A69E2A07D026008A94E0 /* Debug */,
				A865A69F2A07D026008A94E0 /* Release */,
			);
			defaultConfigurationIsVisible = 0;
			defaultConfigurationName = Release;
		};
		A865A6A02A07D026008A94E0 /* Build configuration list for PBXNativeTarget "DI2" */ = {
			isa = XCConfigurationList;
			buildConfigurations = (
				A865A6A12A07D026008A94E0 /* Debug */,
				A865A6A22A07D026008A94E0 /* Release */,
			);
			defaultConfigurationIsVisible = 0;
			defaultConfigurationName = Release;
		};
/* End XCConfigurationList section */

/* Begin XCVersionGroup section */
		A865A6952A07D026008A94E0 /* DI2.xcdatamodeld */ = {
			isa = XCVersionGroup;
			children = (
				A865A6962A07D026008A94E0 /* DI2.xcdatamodel */,
			);
			currentVersion = A865A6962A07D026008A94E0 /* DI2.xcdatamodel */;
			path = DI2.xcdatamodeld;
			sourceTree = "<group>";
			versionGroupType = wrapper.xcdatamodel;
		};
/* End XCVersionGroup section */
	};
	rootObject = A865A6812A07D026008A94E0 /* Project object */;
}
